
Microsoft Visual Studio Solution File, Format Version 12.00
# Visual Studio 15
VisualStudioVersion = 15.0.27130.2036
MinimumVisualStudioVersion = 10.0.40219.1
Project("{9A19103F-16F7-4668-BE54-9A1E7A4F7556}") = "PodfilterWeb", "PodfilterWeb\PodfilterWeb.csproj", "{A6555056-64D1-4F64-A558-F68CE6C4055F}"
EndProject
Project("{9A19103F-16F7-4668-BE54-9A1E7A4F7556}") = "PodfilterCoreTests", "PodfilterCoreTests\PodfilterCoreTests.csproj", "{7DA9A32C-2B6A-45EF-98BE-8BE2C6980F17}"
EndProject
Project("{9A19103F-16F7-4668-BE54-9A1E7A4F7556}") = "PodfilterCore", "PodfilterCore\PodfilterCore.csproj", "{A9ED0492-7C8B-4CE0-B714-8E00ECE1537C}"
EndProject
Project("{9A19103F-16F7-4668-BE54-9A1E7A4F7556}") = "PodfilterRepository", "PodfilterRepository\PodfilterRepository.csproj", "{337641C0-7441-4C63-AB9F-6D314D5DF21B}"
EndProject
Project("{9A19103F-16F7-4668-BE54-9A1E7A4F7556}") = "PodfilterRepositoryTests", "PodfilterRepositoryTests\PodfilterRepositoryTests.csproj", "{C23CF07B-76CD-4986-9B54-ECDB23D1BEB8}"
EndProject
Project("{9A19103F-16F7-4668-BE54-9A1E7A4F7556}") = "PodfilterWebTests", "PodfilterWebTests\PodfilterWebTests.csproj", "{BEE17525-6486-413F-BCC6-DBB361EE0604}"
EndProject
Project("{2150E333-8FDC-42A3-9474-1A3956D46DE8}") = "Solution Items", "Solution Items", "{B9B753D3-B8BC-42EC-B813-523AC41191C4}"
	ProjectSection(SolutionItems) = preProject
		.dockerignore = .dockerignore
		.gitignore = .gitignore
		Dockerfile = Dockerfile
		LICENSE = LICENSE
		README.md = README.md
	EndProjectSection
EndProject
Global
	GlobalSection(SolutionConfigurationPlatforms) = preSolution
		Debug|Any CPU = Debug|Any CPU
		Release|Any CPU = Release|Any CPU
	EndGlobalSection
	GlobalSection(ProjectConfigurationPlatforms) = postSolution
		{A6555056-64D1-4F64-A558-F68CE6C4055F}.Debug|Any CPU.ActiveCfg = Debug|Any CPU
		{A6555056-64D1-4F64-A558-F68CE6C4055F}.Debug|Any CPU.Build.0 = Debug|Any CPU
		{A6555056-64D1-4F64-A558-F68CE6C4055F}.Release|Any CPU.ActiveCfg = Release|Any CPU
		{A6555056-64D1-4F64-A558-F68CE6C4055F}.Release|Any CPU.Build.0 = Release|Any CPU
		{7DA9A32C-2B6A-45EF-98BE-8BE2C6980F17}.Debug|Any CPU.ActiveCfg = Debug|Any CPU
		{7DA9A32C-2B6A-45EF-98BE-8BE2C6980F17}.Debug|Any CPU.Build.0 = Debug|Any CPU
		{7DA9A32C-2B6A-45EF-98BE-8BE2C6980F17}.Release|Any CPU.ActiveCfg = Release|Any CPU
		{7DA9A32C-2B6A-45EF-98BE-8BE2C6980F17}.Release|Any CPU.Build.0 = Release|Any CPU
		{A9ED0492-7C8B-4CE0-B714-8E00ECE1537C}.Debug|Any CPU.ActiveCfg = Debug|Any CPU
		{A9ED0492-7C8B-4CE0-B714-8E00ECE1537C}.Debug|Any CPU.Build.0 = Debug|Any CPU
		{A9ED0492-7C8B-4CE0-B714-8E00ECE1537C}.Release|Any CPU.ActiveCfg = Release|Any CPU
		{A9ED0492-7C8B-4CE0-B714-8E00ECE1537C}.Release|Any CPU.Build.0 = Release|Any CPU
		{337641C0-7441-4C63-AB9F-6D314D5DF21B}.Debug|Any CPU.ActiveCfg = Debug|Any CPU
		{337641C0-7441-4C63-AB9F-6D314D5DF21B}.Debug|Any CPU.Build.0 = Debug|Any CPU
		{337641C0-7441-4C63-AB9F-6D314D5DF21B}.Release|Any CPU.ActiveCfg = Release|Any CPU
		{337641C0-7441-4C63-AB9F-6D314D5DF21B}.Release|Any CPU.Build.0 = Release|Any CPU
		{C23CF07B-76CD-4986-9B54-ECDB23D1BEB8}.Debug|Any CPU.ActiveCfg = Debug|Any CPU
		{C23CF07B-76CD-4986-9B54-ECDB23D1BEB8}.Debug|Any CPU.Build.0 = Debug|Any CPU
		{C23CF07B-76CD-4986-9B54-ECDB23D1BEB8}.Release|Any CPU.ActiveCfg = Release|Any CPU
		{C23CF07B-76CD-4986-9B54-ECDB23D1BEB8}.Release|Any CPU.Build.0 = Release|Any CPU
		{BEE17525-6486-413F-BCC6-DBB361EE0604}.Debug|Any CPU.ActiveCfg = Debug|Any CPU
		{BEE17525-6486-413F-BCC6-DBB361EE0604}.Debug|Any CPU.Build.0 = Debug|Any CPU
		{BEE17525-6486-413F-BCC6-DBB361EE0604}.Release|Any CPU.ActiveCfg = Release|Any CPU
		{BEE17525-6486-413F-BCC6-DBB361EE0604}.Release|Any CPU.Build.0 = Release|Any CPU
	EndGlobalSection
	GlobalSection(SolutionProperties) = preSolution
		HideSolutionNode = FALSE
	EndGlobalSection
	GlobalSection(ExtensibilityGlobals) = postSolution
		SolutionGuid = {CEE47B04-E45B-414E-9156-BF26C6851B2B}
	EndGlobalSection
EndGlobal
